
Microsoft Visual Studio Solution File, Format Version 12.00
# Visual Studio Version 17
VisualStudioVersion = 17.0.31903.59
MinimumVisualStudioVersion = 10.0.40219.1
Project("{FAE04EC0-301F-11D3-BF4B-00C04F79EFBC}") = "AaronH_project1", "AaronH_project1.csproj", "{C3E82157-2104-456E-A1C5-6E743199FD9D}"
EndProject
Project("{FAE04EC0-301F-11D3-BF4B-00C04F79EFBC}") = "TestProject1_AH", "TestProject1_AH\TestProject1_AH.csproj", "{6389CD0E-CEB7-4AD5-AA3F-C48B15B2EEFD}"
EndProject
Global
	GlobalSection(SolutionConfigurationPlatforms) = preSolution
		Debug|Any CPU = Debug|Any CPU
		Release|Any CPU = Release|Any CPU
	EndGlobalSection
	GlobalSection(ProjectConfigurationPlatforms) = postSolution
		{C3E82157-2104-456E-A1C5-6E743199FD9D}.Debug|Any CPU.ActiveCfg = Debug|Any CPU
		{C3E82157-2104-456E-A1C5-6E743199FD9D}.Debug|Any CPU.Build.0 = Debug|Any CPU
		{C3E82157-2104-456E-A1C5-6E743199FD9D}.Release|Any CPU.ActiveCfg = Release|Any CPU
		{C3E82157-2104-456E-A1C5-6E743199FD9D}.Release|Any CPU.Build.0 = Release|Any CPU
		{6389CD0E-CEB7-4AD5-AA3F-C48B15B2EEFD}.Debug|Any CPU.ActiveCfg = Debug|Any CPU
		{6389CD0E-CEB7-4AD5-AA3F-C48B15B2EEFD}.Debug|Any CPU.Build.0 = Debug|Any CPU
		{6389CD0E-CEB7-4AD5-AA3F-C48B15B2EEFD}.Release|Any CPU.ActiveCfg = Release|Any CPU
		{6389CD0E-CEB7-4AD5-AA3F-C48B15B2EEFD}.Release|Any CPU.Build.0 = Release|Any CPU
	EndGlobalSection
	GlobalSection(SolutionProperties) = preSolution
		HideSolutionNode = FALSE
	EndGlobalSection
EndGlobal
